// !$*UTF8*$!
{
	archiveVersion = 1;
	classes = {
	};
	objectVersion = 56;
	objects = {

/* Begin PBXBuildFile section */
		357C18FB2B552355007D9E5C /* AppDelegate.swift in Sources */ = {isa = PBXBuildFile; fileRef = 357C18FA2B552355007D9E5C /* AppDelegate.swift */; };
		357C18FD2B552355007D9E5C /* SceneDelegate.swift in Sources */ = {isa = PBXBuildFile; fileRef = 357C18FC2B552355007D9E5C /* SceneDelegate.swift */; };
		357C19042B552356007D9E5C /* Assets.xcassets in Resources */ = {isa = PBXBuildFile; fileRef = 357C19032B552356007D9E5C /* Assets.xcassets */; };
		357C19072B552356007D9E5C /* LaunchScreen.storyboard in Resources */ = {isa = PBXBuildFile; fileRef = 357C19052B552356007D9E5C /* LaunchScreen.storyboard */; };
		357C19132B552CEC007D9E5C /* LoginView.swift in Sources */ = {isa = PBXBuildFile; fileRef = 357C19122B552CEC007D9E5C /* LoginView.swift */; };
		357C19152B552CFA007D9E5C /* LoginViewModel.swift in Sources */ = {isa = PBXBuildFile; fileRef = 357C19142B552CFA007D9E5C /* LoginViewModel.swift */; };
		357C19172B552D05007D9E5C /* LoginViewController.swift in Sources */ = {isa = PBXBuildFile; fileRef = 357C19162B552D05007D9E5C /* LoginViewController.swift */; };
		357C191B2B5535FB007D9E5C /* ChecklistViewModel.swift in Sources */ = {isa = PBXBuildFile; fileRef = 357C191A2B5535FB007D9E5C /* ChecklistViewModel.swift */; };
		357C191D2B553603007D9E5C /* ChecklistViewController.swift in Sources */ = {isa = PBXBuildFile; fileRef = 357C191C2B553603007D9E5C /* ChecklistViewController.swift */; };
		357C191F2B5552D2007D9E5C /* LoginModel.swift in Sources */ = {isa = PBXBuildFile; fileRef = 357C191E2B5552D2007D9E5C /* LoginModel.swift */; };
		357C19212B5581BE007D9E5C /* ApiClient.swift in Sources */ = {isa = PBXBuildFile; fileRef = 357C19202B5581BD007D9E5C /* ApiClient.swift */; };
		357C19262B558F73007D9E5C /* ChecklistModel.swift in Sources */ = {isa = PBXBuildFile; fileRef = 357C19252B558F73007D9E5C /* ChecklistModel.swift */; };
		357C19282B56472C007D9E5C /* ChecklistViewController + TableView.swift in Sources */ = {isa = PBXBuildFile; fileRef = 357C19272B56472C007D9E5C /* ChecklistViewController + TableView.swift */; };
		357C192A2B564F1B007D9E5C /* CustomTableViewCell.swift in Sources */ = {isa = PBXBuildFile; fileRef = 357C19292B564F1B007D9E5C /* CustomTableViewCell.swift */; };
		357C192C2B565258007D9E5C /* ImageLoader.swift in Sources */ = {isa = PBXBuildFile; fileRef = 357C192B2B565258007D9E5C /* ImageLoader.swift */; };
		357C192E2B565347007D9E5C /* CharacterViewController.swift in Sources */ = {isa = PBXBuildFile; fileRef = 357C192D2B565347007D9E5C /* CharacterViewController.swift */; };
		357C19302B565355007D9E5C /* CharacterViewModel.swift in Sources */ = {isa = PBXBuildFile; fileRef = 357C192F2B565355007D9E5C /* CharacterViewModel.swift */; };
/* End PBXBuildFile section */

/* Begin PBXFileReference section */
		357C18F72B552355007D9E5C /* TestProject.app */ = {isa = PBXFileReference; explicitFileType = wrapper.application; includeInIndex = 0; path = TestProject.app; sourceTree = BUILT_PRODUCTS_DIR; };
		357C18FA2B552355007D9E5C /* AppDelegate.swift */ = {isa = PBXFileReference; lastKnownFileType = sourcecode.swift; path = AppDelegate.swift; sourceTree = "<group>"; };
		357C18FC2B552355007D9E5C /* SceneDelegate.swift */ = {isa = PBXFileReference; lastKnownFileType = sourcecode.swift; path = SceneDelegate.swift; sourceTree = "<group>"; };
		357C19032B552356007D9E5C /* Assets.xcassets */ = {isa = PBXFileReference; lastKnownFileType = folder.assetcatalog; path = Assets.xcassets; sourceTree = "<group>"; };
		357C19062B552356007D9E5C /* Base */ = {isa = PBXFileReference; lastKnownFileType = file.storyboard; name = Base; path = Base.lproj/LaunchScreen.storyboard; sourceTree = "<group>"; };
		357C19082B552356007D9E5C /* Info.plist */ = {isa = PBXFileReference; lastKnownFileType = text.plist.xml; path = Info.plist; sourceTree = "<group>"; };
		357C19122B552CEC007D9E5C /* LoginView.swift */ = {isa = PBXFileReference; lastKnownFileType = sourcecode.swift; path = LoginView.swift; sourceTree = "<group>"; };
		357C19142B552CFA007D9E5C /* LoginViewModel.swift */ = {isa = PBXFileReference; lastKnownFileType = sourcecode.swift; path = LoginViewModel.swift; sourceTree = "<group>"; };
		357C19162B552D05007D9E5C /* LoginViewController.swift */ = {isa = PBXFileReference; lastKnownFileType = sourcecode.swift; path = LoginViewController.swift; sourceTree = "<group>"; };
		357C191A2B5535FB007D9E5C /* ChecklistViewModel.swift */ = {isa = PBXFileReference; lastKnownFileType = sourcecode.swift; path = ChecklistViewModel.swift; sourceTree = "<group>"; };
		357C191C2B553603007D9E5C /* ChecklistViewController.swift */ = {isa = PBXFileReference; lastKnownFileType = sourcecode.swift; path = ChecklistViewController.swift; sourceTree = "<group>"; };
		357C191E2B5552D2007D9E5C /* LoginModel.swift */ = {isa = PBXFileReference; lastKnownFileType = sourcecode.swift; path = LoginModel.swift; sourceTree = "<group>"; };
		357C19202B5581BD007D9E5C /* ApiClient.swift */ = {isa = PBXFileReference; lastKnownFileType = sourcecode.swift; path = ApiClient.swift; sourceTree = "<group>"; };
		357C19252B558F73007D9E5C /* ChecklistModel.swift */ = {isa = PBXFileReference; lastKnownFileType = sourcecode.swift; path = ChecklistModel.swift; sourceTree = "<group>"; };
		357C19272B56472C007D9E5C /* ChecklistViewController + TableView.swift */ = {isa = PBXFileReference; lastKnownFileType = sourcecode.swift; path = "ChecklistViewController + TableView.swift"; sourceTree = "<group>"; };
		357C19292B564F1B007D9E5C /* CustomTableViewCell.swift */ = {isa = PBXFileReference; lastKnownFileType = sourcecode.swift; path = CustomTableViewCell.swift; sourceTree = "<group>"; };
		357C192B2B565258007D9E5C /* ImageLoader.swift */ = {isa = PBXFileReference; lastKnownFileType = sourcecode.swift; name = ImageLoader.swift; path = Modules/ImageLoader.swift; sourceTree = "<group>"; };
		357C192D2B565347007D9E5C /* CharacterViewController.swift */ = {isa = PBXFileReference; lastKnownFileType = sourcecode.swift; path = CharacterViewController.swift; sourceTree = "<group>"; };
		357C192F2B565355007D9E5C /* CharacterViewModel.swift */ = {isa = PBXFileReference; lastKnownFileType = sourcecode.swift; path = CharacterViewModel.swift; sourceTree = "<group>"; };
/* End PBXFileReference section */

/* Begin PBXFrameworksBuildPhase section */
		357C18F42B552355007D9E5C /* Frameworks */ = {
			isa = PBXFrameworksBuildPhase;
			buildActionMask = 2147483647;
			files = (
			);
			runOnlyForDeploymentPostprocessing = 0;
		};
/* End PBXFrameworksBuildPhase section */

/* Begin PBXGroup section */
		357C18EE2B552355007D9E5C = {
			isa = PBXGroup;
			children = (
				357C18F92B552355007D9E5C /* TestProject */,
				357C18F82B552355007D9E5C /* Products */,
			);
			sourceTree = "<group>";
		};
		357C18F82B552355007D9E5C /* Products */ = {
			isa = PBXGroup;
			children = (
				357C18F72B552355007D9E5C /* TestProject.app */,
			);
			name = Products;
			sourceTree = "<group>";
		};
		357C18F92B552355007D9E5C /* TestProject */ = {
			isa = PBXGroup;
			children = (
				357C19242B55898D007D9E5C /* ApiClient */,
				357C190E2B552890007D9E5C /* Modules */,
				357C18FA2B552355007D9E5C /* AppDelegate.swift */,
				357C18FC2B552355007D9E5C /* SceneDelegate.swift */,
				357C19032B552356007D9E5C /* Assets.xcassets */,
				357C19052B552356007D9E5C /* LaunchScreen.storyboard */,
				357C19082B552356007D9E5C /* Info.plist */,
			);
			path = TestProject;
			sourceTree = "<group>";
		};
		357C190E2B552890007D9E5C /* Modules */ = {
			isa = PBXGroup;
			children = (
				357C190F2B5528A7007D9E5C /* Login */,
				357C19102B55291F007D9E5C /* Checklist */,
				357C19112B55293C007D9E5C /* Character */,
			);
			path = Modules;
			sourceTree = "<group>";
		};
		357C190F2B5528A7007D9E5C /* Login */ = {
			isa = PBXGroup;
			children = (
				357C191E2B5552D2007D9E5C /* LoginModel.swift */,
				357C19122B552CEC007D9E5C /* LoginView.swift */,
				357C19142B552CFA007D9E5C /* LoginViewModel.swift */,
				357C19162B552D05007D9E5C /* LoginViewController.swift */,
			);
			path = Login;
			sourceTree = "<group>";
		};
		357C19102B55291F007D9E5C /* Checklist */ = {
			isa = PBXGroup;
			children = (
				357C19252B558F73007D9E5C /* ChecklistModel.swift */,
				357C191A2B5535FB007D9E5C /* ChecklistViewModel.swift */,
				357C191C2B553603007D9E5C /* ChecklistViewController.swift */,
				357C19272B56472C007D9E5C /* ChecklistViewController + TableView.swift */,
				357C19292B564F1B007D9E5C /* CustomTableViewCell.swift */,
			);
			name = Checklist;
			sourceTree = "<group>";
		};
		357C19112B55293C007D9E5C /* Character */ = {
			isa = PBXGroup;
			children = (
				357C192D2B565347007D9E5C /* CharacterViewController.swift */,
				357C192F2B565355007D9E5C /* CharacterViewModel.swift */,
			);
			path = Character;
			sourceTree = "<group>";
		};
		357C19242B55898D007D9E5C /* ApiClient */ = {
			isa = PBXGroup;
			children = (
				357C19202B5581BD007D9E5C /* ApiClient.swift */,
				357C192B2B565258007D9E5C /* ImageLoader.swift */,
			);
			name = ApiClient;
			sourceTree = "<group>";
		};
/* End PBXGroup section */

/* Begin PBXNativeTarget section */
		357C18F62B552355007D9E5C /* TestProject */ = {
			isa = PBXNativeTarget;
			buildConfigurationList = 357C190B2B552356007D9E5C /* Build configuration list for PBXNativeTarget "TestProject" */;
			buildPhases = (
				357C18F32B552355007D9E5C /* Sources */,
				357C18F42B552355007D9E5C /* Frameworks */,
				357C18F52B552355007D9E5C /* Resources */,
			);
			buildRules = (
			);
			dependencies = (
			);
			name = TestProject;
			productName = TestProject;
			productReference = 357C18F72B552355007D9E5C /* TestProject.app */;
			productType = "com.apple.product-type.application";
		};
/* End PBXNativeTarget section */

/* Begin PBXProject section */
		357C18EF2B552355007D9E5C /* Project object */ = {
			isa = PBXProject;
			attributes = {
				BuildIndependentTargetsInParallel = 1;
				LastSwiftUpdateCheck = 1430;
				LastUpgradeCheck = 1430;
				TargetAttributes = {
					357C18F62B552355007D9E5C = {
						CreatedOnToolsVersion = 14.3.1;
					};
				};
			};
			buildConfigurationList = 357C18F22B552355007D9E5C /* Build configuration list for PBXProject "TestProject" */;
			compatibilityVersion = "Xcode 14.0";
			developmentRegion = en;
			hasScannedForEncodings = 0;
			knownRegions = (
				en,
				Base,
			);
			mainGroup = 357C18EE2B552355007D9E5C;
			productRefGroup = 357C18F82B552355007D9E5C /* Products */;
			projectDirPath = "";
			projectRoot = "";
			targets = (
				357C18F62B552355007D9E5C /* TestProject */,
			);
		};
/* End PBXProject section */

/* Begin PBXResourcesBuildPhase section */
		357C18F52B552355007D9E5C /* Resources */ = {
			isa = PBXResourcesBuildPhase;
			buildActionMask = 2147483647;
			files = (
				357C19072B552356007D9E5C /* LaunchScreen.storyboard in Resources */,
				357C19042B552356007D9E5C /* Assets.xcassets in Resources */,
			);
			runOnlyForDeploymentPostprocessing = 0;
		};
/* End PBXResourcesBuildPhase section */

/* Begin PBXSourcesBuildPhase section */
		357C18F32B552355007D9E5C /* Sources */ = {
			isa = PBXSourcesBuildPhase;
			buildActionMask = 2147483647;
			files = (
				357C192C2B565258007D9E5C /* ImageLoader.swift in Sources */,
				357C19212B5581BE007D9E5C /* ApiClient.swift in Sources */,
				357C19172B552D05007D9E5C /* LoginViewController.swift in Sources */,
				357C19262B558F73007D9E5C /* ChecklistModel.swift in Sources */,
				357C191D2B553603007D9E5C /* ChecklistViewController.swift in Sources */,
				357C191B2B5535FB007D9E5C /* ChecklistViewModel.swift in Sources */,
				357C192E2B565347007D9E5C /* CharacterViewController.swift in Sources */,
				357C191F2B5552D2007D9E5C /* LoginModel.swift in Sources */,
				357C18FB2B552355007D9E5C /* AppDelegate.swift in Sources */,
				357C19132B552CEC007D9E5C /* LoginView.swift in Sources */,
				357C192A2B564F1B007D9E5C /* CustomTableViewCell.swift in Sources */,
				357C19302B565355007D9E5C /* CharacterViewModel.swift in Sources */,
				357C19152B552CFA007D9E5C /* LoginViewModel.swift in Sources */,
				357C19282B56472C007D9E5C /* ChecklistViewController + TableView.swift in Sources */,
				357C18FD2B552355007D9E5C /* SceneDelegate.swift in Sources */,
			);
			runOnlyForDeploymentPostprocessing = 0;
		};
/* End PBXSourcesBuildPhase section */

/* Begin PBXVariantGroup section */
		357C19052B552356007D9E5C /* LaunchScreen.storyboard */ = {
			isa = PBXVariantGroup;
			children = (
				357C19062B552356007D9E5C /* Base */,
			);
			name = LaunchScreen.storyboard;
			sourceTree = "<group>";
		};
/* End PBXVariantGroup section */

/* Begin XCBuildConfiguration section */
		357C19092B552356007D9E5C /* Debug */ = {
			isa = XCBuildConfiguration;
			buildSettings = {
				ALWAYS_SEARCH_USER_PATHS = NO;
				CLANG_ANALYZER_NONNULL = YES;
				CLANG_ANALYZER_NUMBER_OBJECT_CONVERSION = YES_AGGRESSIVE;
				CLANG_CXX_LANGUAGE_STANDARD = "gnu++20";
				CLANG_ENABLE_MODULES = YES;
				CLANG_ENABLE_OBJC_ARC = YES;
				CLANG_ENABLE_OBJC_WEAK = YES;
				CLANG_WARN_BLOCK_CAPTURE_AUTORELEASING = YES;
				CLANG_WARN_BOOL_CONVERSION = YES;
				CLANG_WARN_COMMA = YES;
				CLANG_WARN_CONSTANT_CONVERSION = YES;
				CLANG_WARN_DEPRECATED_OBJC_IMPLEMENTATIONS = YES;
				CLANG_WARN_DIRECT_OBJC_ISA_USAGE = YES_ERROR;
				CLANG_WARN_DOCUMENTATION_COMMENTS = YES;
				CLANG_WARN_EMPTY_BODY = YES;
				CLANG_WARN_ENUM_CONVERSION = YES;
				CLANG_WARN_INFINITE_RECURSION = YES;
				CLANG_WARN_INT_CONVERSION = YES;
				CLANG_WARN_NON_LITERAL_NULL_CONVERSION = YES;
				CLANG_WARN_OBJC_IMPLICIT_RETAIN_SELF = YES;
				CLANG_WARN_OBJC_LITERAL_CONVERSION = YES;
				CLANG_WARN_OBJC_ROOT_CLASS = YES_ERROR;
				CLANG_WARN_QUOTED_INCLUDE_IN_FRAMEWORK_HEADER = YES;
				CLANG_WARN_RANGE_LOOP_ANALYSIS = YES;
				CLANG_WARN_STRICT_PROTOTYPES = YES;
				CLANG_WARN_SUSPICIOUS_MOVE = YES;
				CLANG_WARN_UNGUARDED_AVAILABILITY = YES_AGGRESSIVE;
				CLANG_WARN_UNREACHABLE_CODE = YES;
				CLANG_WARN__DUPLICATE_METHOD_MATCH = YES;
				COPY_PHASE_STRIP = NO;
				DEBUG_INFORMATION_FORMAT = dwarf;
				ENABLE_STRICT_OBJC_MSGSEND = YES;
				ENABLE_TESTABILITY = YES;
				GCC_C_LANGUAGE_STANDARD = gnu11;
				GCC_DYNAMIC_NO_PIC = NO;
				GCC_NO_COMMON_BLOCKS = YES;
				GCC_OPTIMIZATION_LEVEL = 0;
				GCC_PREPROCESSOR_DEFINITIONS = (
					"DEBUG=1",
					"$(inherited)",
				);
				GCC_WARN_64_TO_32_BIT_CONVERSION = YES;
				GCC_WARN_ABOUT_RETURN_TYPE = YES_ERROR;
				GCC_WARN_UNDECLARED_SELECTOR = YES;
				GCC_WARN_UNINITIALIZED_AUTOS = YES_AGGRESSIVE;
				GCC_WARN_UNUSED_FUNCTION = YES;
				GCC_WARN_UNUSED_VARIABLE = YES;
				IPHONEOS_DEPLOYMENT_TARGET = 16.4;
				MTL_ENABLE_DEBUG_INFO = INCLUDE_SOURCE;
				MTL_FAST_MATH = YES;
				ONLY_ACTIVE_ARCH = YES;
				SDKROOT = iphoneos;
				SWIFT_ACTIVE_COMPILATION_CONDITIONS = DEBUG;
				SWIFT_OPTIMIZATION_LEVEL = "-Onone";
			};
			name = Debug;
		};
		357C190A2B552356007D9E5C /* Release */ = {
			isa = XCBuildConfiguration;
			buildSettings = {
				ALWAYS_SEARCH_USER_PATHS = NO;
				CLANG_ANALYZER_NONNULL = YES;
				CLANG_ANALYZER_NUMBER_OBJECT_CONVERSION = YES_AGGRESSIVE;
				CLANG_CXX_LANGUAGE_STANDARD = "gnu++20";
				CLANG_ENABLE_MODULES = YES;
				CLANG_ENABLE_OBJC_ARC = YES;
				CLANG_ENABLE_OBJC_WEAK = YES;
				CLANG_WARN_BLOCK_CAPTURE_AUTORELEASING = YES;
				CLANG_WARN_BOOL_CONVERSION = YES;
				CLANG_WARN_COMMA = YES;
				CLANG_WARN_CONSTANT_CONVERSION = YES;
				CLANG_WARN_DEPRECATED_OBJC_IMPLEMENTATIONS = YES;
				CLANG_WARN_DIRECT_OBJC_ISA_USAGE = YES_ERROR;
				CLANG_WARN_DOCUMENTATION_COMMENTS = YES;
				CLANG_WARN_EMPTY_BODY = YES;
				CLANG_WARN_ENUM_CONVERSION = YES;
				CLANG_WARN_INFINITE_RECURSION = YES;
				CLANG_WARN_INT_CONVERSION = YES;
				CLANG_WARN_NON_LITERAL_NULL_CONVERSION = YES;
				CLANG_WARN_OBJC_IMPLICIT_RETAIN_SELF = YES;
				CLANG_WARN_OBJC_LITERAL_CONVERSION = YES;
				CLANG_WARN_OBJC_ROOT_CLASS = YES_ERROR;
				CLANG_WARN_QUOTED_INCLUDE_IN_FRAMEWORK_HEADER = YES;
				CLANG_WARN_RANGE_LOOP_ANALYSIS = YES;
				CLANG_WARN_STRICT_PROTOTYPES = YES;
				CLANG_WARN_SUSPICIOUS_MOVE = YES;
				CLANG_WARN_UNGUARDED_AVAILABILITY = YES_AGGRESSIVE;
				CLANG_WARN_UNREACHABLE_CODE = YES;
				CLANG_WARN__DUPLICATE_METHOD_MATCH = YES;
				COPY_PHASE_STRIP = NO;
				DEBUG_INFORMATION_FORMAT = "dwarf-with-dsym";
				ENABLE_NS_ASSERTIONS = NO;
				ENABLE_STRICT_OBJC_MSGSEND = YES;
				GCC_C_LANGUAGE_STANDARD = gnu11;
				GCC_NO_COMMON_BLOCKS = YES;
				GCC_WARN_64_TO_32_BIT_CONVERSION = YES;
				GCC_WARN_ABOUT_RETURN_TYPE = YES_ERROR;
				GCC_WARN_UNDECLARED_SELECTOR = YES;
				GCC_WARN_UNINITIALIZED_AUTOS = YES_AGGRESSIVE;
				GCC_WARN_UNUSED_FUNCTION = YES;
				GCC_WARN_UNUSED_VARIABLE = YES;
				IPHONEOS_DEPLOYMENT_TARGET = 16.4;
				MTL_ENABLE_DEBUG_INFO = NO;
				MTL_FAST_MATH = YES;
				SDKROOT = iphoneos;
				SWIFT_COMPILATION_MODE = wholemodule;
				SWIFT_OPTIMIZATION_LEVEL = "-O";
				VALIDATE_PRODUCT = YES;
			};
			name = Release;
		};
		357C190C2B552356007D9E5C /* Debug */ = {
			isa = XCBuildConfiguration;
			buildSettings = {
				ASSETCATALOG_COMPILER_APPICON_NAME = AppIcon;
				ASSETCATALOG_COMPILER_GLOBAL_ACCENT_COLOR_NAME = AccentColor;
				CODE_SIGN_STYLE = Automatic;
				CURRENT_PROJECT_VERSION = 1;
				DEVELOPMENT_TEAM = 7D5DULLXY6;
				GENERATE_INFOPLIST_FILE = YES;
				INFOPLIST_FILE = TestProject/Info.plist;
				INFOPLIST_KEY_UIApplicationSupportsIndirectInputEvents = YES;
				INFOPLIST_KEY_UILaunchStoryboardName = LaunchScreen;
				INFOPLIST_KEY_UISupportedInterfaceOrientations_iPad = "UIInterfaceOrientationPortrait UIInterfaceOrientationPortraitUpsideDown UIInterfaceOrientationLandscapeLeft UIInterfaceOrientationLandscapeRight";
				INFOPLIST_KEY_UISupportedInterfaceOrientations_iPhone = "UIInterfaceOrientationPortrait UIInterfaceOrientationLandscapeLeft UIInterfaceOrientationLandscapeRight";
				LD_RUNPATH_SEARCH_PATHS = (
					"$(inherited)",
					"@executable_path/Frameworks",
				);
				MARKETING_VERSION = 1.0;
				PRODUCT_BUNDLE_IDENTIFIER = "Serega-A.I..TestProject";
				PRODUCT_NAME = "$(TARGET_NAME)";
				SWIFT_EMIT_LOC_STRINGS = YES;
				SWIFT_VERSION = 5.0;
				TARGETED_DEVICE_FAMILY = "1,2";
			};
			name = Debug;
		};
		357C190D2B552356007D9E5C /* Release */ = {
			isa = XCBuildConfiguration;
			buildSettings = {
				ASSETCATALOG_COMPILER_APPICON_NAME = AppIcon;
				ASSETCATALOG_COMPILER_GLOBAL_ACCENT_COLOR_NAME = AccentColor;
				CODE_SIGN_STYLE = Automatic;
				CURRENT_PROJECT_VERSION = 1;
				DEVELOPMENT_TEAM = 7D5DULLXY6;
				GENERATE_INFOPLIST_FILE = YES;
				INFOPLIST_FILE = TestProject/Info.plist;
				INFOPLIST_KEY_UIApplicationSupportsIndirectInputEvents = YES;
				INFOPLIST_KEY_UILaunchStoryboardName = LaunchScreen;
				INFOPLIST_KEY_UISupportedInterfaceOrientations_iPad = "UIInterfaceOrientationPortrait UIInterfaceOrientationPortraitUpsideDown UIInterfaceOrientationLandscapeLeft UIInterfaceOrientationLandscapeRight";
				INFOPLIST_KEY_UISupportedInterfaceOrientations_iPhone = "UIInterfaceOrientationPortrait UIInterfaceOrientationLandscapeLeft UIInterfaceOrientationLandscapeRight";
				LD_RUNPATH_SEARCH_PATHS = (
					"$(inherited)",
					"@executable_path/Frameworks",
				);
				MARKETING_VERSION = 1.0;
				PRODUCT_BUNDLE_IDENTIFIER = "Serega-A.I..TestProject";
				PRODUCT_NAME = "$(TARGET_NAME)";
				SWIFT_EMIT_LOC_STRINGS = YES;
				SWIFT_VERSION = 5.0;
				TARGETED_DEVICE_FAMILY = "1,2";
			};
			name = Release;
		};
/* End XCBuildConfiguration section */

/* Begin XCConfigurationList section */
		357C18F22B552355007D9E5C /* Build configuration list for PBXProject "TestProject" */ = {
			isa = XCConfigurationList;
			buildConfigurations = (
				357C19092B552356007D9E5C /* Debug */,
				357C190A2B552356007D9E5C /* Release */,
			);
			defaultConfigurationIsVisible = 0;
			defaultConfigurationName = Release;
		};
		357C190B2B552356007D9E5C /* Build configuration list for PBXNativeTarget "TestProject" */ = {
			isa = XCConfigurationList;
			buildConfigurations = (
				357C190C2B552356007D9E5C /* Debug */,
				357C190D2B552356007D9E5C /* Release */,
			);
			defaultConfigurationIsVisible = 0;
			defaultConfigurationName = Release;
		};
/* End XCConfigurationList section */
	};
	rootObject = 357C18EF2B552355007D9E5C /* Project object */;
}
